PATH
  remote: .
  specs:
    forward-proxy (0.1.1)

GEM
  remote: https://rubygems.org/
  specs:
    ansi (1.5.0)
    builder (3.2.4)
    minitest (5.14.3)
    minitest-reporters (1.4.2)
      ansi
      builder
      minitest (>= 5.0)
      ruby-progressbar
    rake (12.3.3)
    ruby-progressbar (1.11.0)

PLATFORMS
  ruby

DEPENDENCIES
  forward-proxy!
  minitest (~> 5.0)
  minitest-reporters
  rake (~> 12.0)

BUNDLED WITH
   2.1.4
